Microsoft Visual Studio Solution File, Format Version 12.00
# Visual Studio 2012
Project("{FAE04EC0-301F-11D3-BF4B-00C04F79EFBC}") = "Wedding-Bells", "Wedding-Bells.csproj", "{37D67ADC-C9D4-4258-9C86-B83B463F8948}"
EndProject
Global
	GlobalSection(SolutionConfigurationPlatforms) = preSolution
	Debug|Any CPU = Debug|Any CPU
	ExportDebug|Any CPU = ExportDebug|Any CPU
	ExportRelease|Any CPU = ExportRelease|Any CPU
	EndGlobalSection
	GlobalSection(ProjectConfigurationPlatforms) = postSolution
		{37D67ADC-C9D4-4258-9C86-B83B463F8948}.Debug|Any CPU.ActiveCfg = Debug|Any CPU
		{37D67ADC-C9D4-4258-9C86-B83B463F8948}.Debug|Any CPU.Build.0 = Debug|Any CPU
		{37D67ADC-C9D4-4258-9C86-B83B463F8948}.ExportDebug|Any CPU.ActiveCfg = ExportDebug|Any CPU
		{37D67ADC-C9D4-4258-9C86-B83B463F8948}.ExportDebug|Any CPU.Build.0 = ExportDebug|Any CPU
		{37D67ADC-C9D4-4258-9C86-B83B463F8948}.ExportRelease|Any CPU.ActiveCfg = ExportRelease|Any CPU
		{37D67ADC-C9D4-4258-9C86-B83B463F8948}.ExportRelease|Any CPU.Build.0 = ExportRelease|Any CPU
	EndGlobalSection
EndGlobal
